
Microsoft Visual Studio Solution File, Format Version 11.00
# Visual C# Express 2010
Project("{FAE04EC0-301F-11D3-BF4B-00C04F79EFBC}") = "Moosta.FileIO", "Moosta.FileIO.csproj", "{2456FF2A-E0A2-41A3-A4AD-BF9AF2F26D64}"
EndProject
Global
	GlobalSection(SolutionConfigurationPlatforms) = preSolution
		Debug|Any CPU = Debug|Any CPU
		Debug|Mixed Platforms = Debug|Mixed Platforms
		Debug|x86 = Debug|x86
		Release|Any CPU = Release|Any CPU
		Release|Mixed Platforms = Release|Mixed Platforms
		Release|x86 = Release|x86
	EndGlobalSection
	GlobalSection(ProjectConfigurationPlatforms) = postSolution
		{2456FF2A-E0A2-41A3-A4AD-BF9AF2F26D64}.Debug|Any CPU.ActiveCfg = Debug|x86
		{2456FF2A-E0A2-41A3-A4AD-BF9AF2F26D64}.Debug|Mixed Platforms.ActiveCfg = Debug|x86
		{2456FF2A-E0A2-41A3-A4AD-BF9AF2F26D64}.Debug|Mixed Platforms.Build.0 = Debug|x86
		{2456FF2A-E0A2-41A3-A4AD-BF9AF2F26D64}.Debug|x86.ActiveCfg = Debug|x86
		{2456FF2A-E0A2-41A3-A4AD-BF9AF2F26D64}.Debug|x86.Build.0 = Debug|x86
		{2456FF2A-E0A2-41A3-A4AD-BF9AF2F26D64}.Release|Any CPU.ActiveCfg = Release|x86
		{2456FF2A-E0A2-41A3-A4AD-BF9AF2F26D64}.Release|Mixed Platforms.ActiveCfg = Release|x86
		{2456FF2A-E0A2-41A3-A4AD-BF9AF2F26D64}.Release|Mixed Platforms.Build.0 = Release|x86
		{2456FF2A-E0A2-41A3-A4AD-BF9AF2F26D64}.Release|x86.ActiveCfg = Release|x86
		{2456FF2A-E0A2-41A3-A4AD-BF9AF2F26D64}.Release|x86.Build.0 = Release|x86
	EndGlobalSection
	GlobalSection(SolutionProperties) = preSolution
		HideSolutionNode = FALSE
	EndGlobalSection
EndGlobal
